
Microsoft Visual Studio Solution File, Format Version 12.00
# Visual Studio 2012
Project("{8BC9CEB8-8B4A-11D0-8D11-00A0C91BC942}") = "CMS_demo", "CMS_demo\CMS_demo.vcxproj", "{2263CBEB-4A39-4245-8FA4-FB073DE803E2}"
EndProject
Global
	GlobalSection(SolutionConfigurationPlatforms) = preSolution
		Debug|Win32 = Debug|Win32
		Release|Win32 = Release|Win32
	EndGlobalSection
	GlobalSection(ProjectConfigurationPlatforms) = postSolution
		{2263CBEB-4A39-4245-8FA4-FB073DE803E2}.Debug|Win32.ActiveCfg = Debug|Win32
		{2263CBEB-4A39-4245-8FA4-FB073DE803E2}.Debug|Win32.Build.0 = Debug|Win32
		{2263CBEB-4A39-4245-8FA4-FB073DE803E2}.Release|Win32.ActiveCfg = Release|Win32
		{2263CBEB-4A39-4245-8FA4-FB073DE803E2}.Release|Win32.Build.0 = Release|Win32
	EndGlobalSection
	GlobalSection(SolutionProperties) = preSolution
		HideSolutionNode = FALSE
	EndGlobalSection
EndGlobal
